
Microsoft Visual Studio Solution File, Format Version 12.00
# Visual Studio 15
Project("{FAE04EC0-301F-11D3-BF4B-00C04F79EFBC}") = "SkiaSharpProgressBar.iOS", "SkiaSharpProgressBar.iOS\SkiaSharpProgressBar.iOS.csproj", "{0968D84F-0A51-4064-BC24-46F7F39B4F32}"
EndProject
Project("{FAE04EC0-301F-11D3-BF4B-00C04F79EFBC}") = "SkiaSharpProgressBar", "SkiaSharpProgressBar\SkiaSharpProgressBar.csproj", "{93FEF39E-5AB1-43E5-B305-E290DEB20953}"
EndProject
Global
	GlobalSection(SolutionConfigurationPlatforms) = preSolution
		Debug|iPhoneSimulator = Debug|iPhoneSimulator
		Release|iPhoneSimulator = Release|iPhoneSimulator
		Debug|iPhone = Debug|iPhone
		Release|iPhone = Release|iPhone
		Debug|Any CPU = Debug|Any CPU
		Release|Any CPU = Release|Any CPU
	EndGlobalSection
	GlobalSection(ProjectConfigurationPlatforms) = postSolution
		{0968D84F-0A51-4064-BC24-46F7F39B4F32}.Debug|iPhoneSimulator.ActiveCfg = Debug|iPhoneSimulator
		{0968D84F-0A51-4064-BC24-46F7F39B4F32}.Debug|iPhoneSimulator.Build.0 = Debug|iPhoneSimulator
		{0968D84F-0A51-4064-BC24-46F7F39B4F32}.Release|iPhoneSimulator.ActiveCfg = Release|iPhoneSimulator
		{0968D84F-0A51-4064-BC24-46F7F39B4F32}.Release|iPhoneSimulator.Build.0 = Release|iPhoneSimulator
		{0968D84F-0A51-4064-BC24-46F7F39B4F32}.Debug|iPhone.ActiveCfg = Debug|iPhone
		{0968D84F-0A51-4064-BC24-46F7F39B4F32}.Debug|iPhone.Build.0 = Debug|iPhone
		{0968D84F-0A51-4064-BC24-46F7F39B4F32}.Release|iPhone.ActiveCfg = Release|iPhone
		{0968D84F-0A51-4064-BC24-46F7F39B4F32}.Release|iPhone.Build.0 = Release|iPhone
		{0968D84F-0A51-4064-BC24-46F7F39B4F32}.Debug|Any CPU.ActiveCfg = Debug|iPhoneSimulator
		{0968D84F-0A51-4064-BC24-46F7F39B4F32}.Debug|Any CPU.Build.0 = Debug|iPhoneSimulator
		{0968D84F-0A51-4064-BC24-46F7F39B4F32}.Release|Any CPU.ActiveCfg = Release|iPhoneSimulator
		{0968D84F-0A51-4064-BC24-46F7F39B4F32}.Release|Any CPU.Build.0 = Release|iPhoneSimulator
		{93FEF39E-5AB1-43E5-B305-E290DEB20953}.Debug|iPhoneSimulator.ActiveCfg = Debug|Any CPU
		{93FEF39E-5AB1-43E5-B305-E290DEB20953}.Debug|iPhoneSimulator.Build.0 = Debug|Any CPU
		{93FEF39E-5AB1-43E5-B305-E290DEB20953}.Release|iPhoneSimulator.ActiveCfg = Release|Any CPU
		{93FEF39E-5AB1-43E5-B305-E290DEB20953}.Release|iPhoneSimulator.Build.0 = Release|Any CPU
		{93FEF39E-5AB1-43E5-B305-E290DEB20953}.Debug|iPhone.ActiveCfg = Debug|Any CPU
		{93FEF39E-5AB1-43E5-B305-E290DEB20953}.Debug|iPhone.Build.0 = Debug|Any CPU
		{93FEF39E-5AB1-43E5-B305-E290DEB20953}.Release|iPhone.ActiveCfg = Release|Any CPU
		{93FEF39E-5AB1-43E5-B305-E290DEB20953}.Release|iPhone.Build.0 = Release|Any CPU
		{93FEF39E-5AB1-43E5-B305-E290DEB20953}.Debug|Any CPU.ActiveCfg = Debug|Any CPU
		{93FEF39E-5AB1-43E5-B305-E290DEB20953}.Debug|Any CPU.Build.0 = Debug|Any CPU
		{93FEF39E-5AB1-43E5-B305-E290DEB20953}.Release|Any CPU.ActiveCfg = Release|Any CPU
		{93FEF39E-5AB1-43E5-B305-E290DEB20953}.Release|Any CPU.Build.0 = Release|Any CPU
	EndGlobalSection
EndGlobal
